{"1.1.0",
[{<<"amqp_client">>,{pkg,<<"amqp_client">>,<<"3.8.7">>},0},
 {<<"cowboy">>,
  {git,"https://github.com/ninenines/cowboy.git",
       {ref,"03d306e6d172eb272a564aa8626d4554d1046455"}},
  0},
 {<<"cowlib">>,
  {git,"https://github.com/ninenines/cowlib",
       {ref,"1b5539a1da1d39b110d81b118000f00bbedaf4b4"}},
  1},
 {<<"credentials_obfuscation">>,
  {pkg,<<"credentials_obfuscation">>,<<"2.2.0">>},
  1},
 {<<"ecron">>,{pkg,<<"ecron">>,<<"0.5.3">>},0},
 {<<"goldrush">>,{pkg,<<"goldrush">>,<<"0.1.9">>},2},
 {<<"jsx">>,
  {git,"https://github.com/talentdeficit/jsx.git",
       {ref,"3074d4865b3385a050badf7828ad31490d860df5"}},
  0},
 {<<"lager">>,{pkg,<<"lager">>,<<"3.8.0">>},1},
 {<<"rabbit_common">>,{pkg,<<"rabbit_common">>,<<"3.8.7">>},0},
 {<<"ranch">>,
  {git,"https://github.com/ninenines/ranch",
       {ref,"3190aef88aea04d6dce8545fe9b4574288903f44"}},
  1},
 {<<"recon">>,{pkg,<<"recon">>,<<"2.5.1">>},1},
 {<<"telemetry">>,{pkg,<<"telemetry">>,<<"0.4.1">>},1}]}.
[
{pkg_hash,[
 {<<"amqp_client">>, <<"3C882607E5C9ADCA33679D7F2C767345DE100303FD200BDB620FFF7DC3A84C77">>},
 {<<"credentials_obfuscation">>, <<"F8040672FF9644CCAEFC40FFB8EC33ED80AC77DF84AC5F206A1C079CA2AACC9D">>},
 {<<"ecron">>, <<"9EDF7C1FAF62E45E1F99E50B619C6B5368372DCE5A755D734D6175EBD6D1B95B">>},
 {<<"goldrush">>, <<"F06E5D5F1277DA5C413E84D5A2924174182FB108DABB39D5EC548B27424CD106">>},
 {<<"lager">>, <<"3402B9A7E473680CA179FC2F1D827CAB88DD37DD1E6113090C6F45EF05228A1C">>},
 {<<"rabbit_common">>, <<"CED67A55CFA994B4EBD8D7763C85E4A25275F067A63FF0A71D7E5C66BD447C8E">>},
 {<<"recon">>, <<"430FFA60685AC1EFDFB1FE4C97B8767C92D0D92E6E7C3E8621559BA77598678A">>},
 {<<"telemetry">>, <<"AE2718484892448A24470E6AA341BC847C3277BFB8D4E9289F7474D752C09C7F">>}]}
].
